# This file is automatically @generated by Cargo.
# It is not intended for manual editing.
version = 4

[[package]]
name = "qianqian-core"
version = "0.1.0"

[[package]]
name = "qianqian-headless"
version = "0.1.0"
dependencies = [
 "qianqian-runtime",
]

[[package]]
name = "qianqian-kernel"
version = "0.1.0"

[[package]]
name = "qianqian-runtime"
version = "0.1.0"
dependencies = [
 "qianqian-core",
]
